
Microsoft Visual Studio Solution File, Format Version 12.00
# Visual Studio Version 16
VisualStudioVersion = 16.0.30717.126
MinimumVisualStudioVersion = 10.0.40219.1
Project("{FAE04EC0-301F-11D3-BF4B-00C04F79EFBC}") = "Homework-2", "Homework-2\Homework-2.csproj", "{BA1D5F4D-7326-429F-BB22-21311F647C1A}"
EndProject
Global
	GlobalSection(SolutionConfigurationPlatforms) = preSolution
		Debug|Any CPU = Debug|Any CPU
		Release|Any CPU = Release|Any CPU
	EndGlobalSection
	GlobalSection(ProjectConfigurationPlatforms) = postSolution
		{BA1D5F4D-7326-429F-BB22-21311F647C1A}.Debug|Any CPU.ActiveCfg = Debug|Any CPU
		{BA1D5F4D-7326-429F-BB22-21311F647C1A}.Debug|Any CPU.Build.0 = Debug|Any CPU
		{BA1D5F4D-7326-429F-BB22-21311F647C1A}.Release|Any CPU.ActiveCfg = Release|Any CPU
		{BA1D5F4D-7326-429F-BB22-21311F647C1A}.Release|Any CPU.Build.0 = Release|Any CPU
	EndGlobalSection
	GlobalSection(SolutionProperties) = preSolution
		HideSolutionNode = FALSE
	EndGlobalSection
	GlobalSection(ExtensibilityGlobals) = postSolution
		SolutionGuid = {476738E7-C71D-4E23-99D5-7D6D09E8B75E}
	EndGlobalSection
EndGlobal
