
Microsoft Visual Studio Solution File, Format Version 12.00
# Visual Studio Version 16
VisualStudioVersion = 16.0.30717.126
MinimumVisualStudioVersion = 10.0.40219.1
Project("{9A19103F-16F7-4668-BE54-9A1E7A4F7556}") = "Homework 0", "Homework 1\Homework 0.csproj", "{EC3613B1-A30D-4CAC-A6B1-7928F886D2D7}"
EndProject
Global
	GlobalSection(SolutionConfigurationPlatforms) = preSolution
		Debug|Any CPU = Debug|Any CPU
		Release|Any CPU = Release|Any CPU
	EndGlobalSection
	GlobalSection(ProjectConfigurationPlatforms) = postSolution
		{EC3613B1-A30D-4CAC-A6B1-7928F886D2D7}.Debug|Any CPU.ActiveCfg = Debug|Any CPU
		{EC3613B1-A30D-4CAC-A6B1-7928F886D2D7}.Debug|Any CPU.Build.0 = Debug|Any CPU
		{EC3613B1-A30D-4CAC-A6B1-7928F886D2D7}.Release|Any CPU.ActiveCfg = Release|Any CPU
		{EC3613B1-A30D-4CAC-A6B1-7928F886D2D7}.Release|Any CPU.Build.0 = Release|Any CPU
	EndGlobalSection
	GlobalSection(SolutionProperties) = preSolution
		HideSolutionNode = FALSE
	EndGlobalSection
	GlobalSection(ExtensibilityGlobals) = postSolution
		SolutionGuid = {476738E7-C71D-4E23-99D5-7D6D09E8B75E}
	EndGlobalSection
EndGlobal
